// !$*UTF8*$!
{
	archiveVersion = 1;
	classes = {
	};
	objectVersion = 50;
	objects = {

/* Begin PBXBuildFile section */
		530D90B12434D69700BF6AAF /* AppDelegate.swift in Sources */ = {isa = PBXBuildFile; fileRef = 530D90B02434D69700BF6AAF /* AppDelegate.swift */; };
		530D90B32434D69700BF6AAF /* SceneDelegate.swift in Sources */ = {isa = PBXBuildFile; fileRef = 530D90B22434D69700BF6AAF /* SceneDelegate.swift */; };
		530D90B52434D69700BF6AAF /* ViewController.swift in Sources */ = {isa = PBXBuildFile; fileRef = 530D90B42434D69700BF6AAF /* ViewController.swift */; };
		530D90B82434D69700BF6AAF /* Main.storyboard in Resources */ = {isa = PBXBuildFile; fileRef = 530D90B62434D69700BF6AAF /* Main.storyboard */; };
		530D90BA2434D69A00BF6AAF /* Assets.xcassets in Resources */ = {isa = PBXBuildFile; fileRef = 530D90B92434D69A00BF6AAF /* Assets.xcassets */; };
		530D90BD2434D69A00BF6AAF /* LaunchScreen.storyboard in Resources */ = {isa = PBXBuildFile; fileRef = 530D90BB2434D69A00BF6AAF /* LaunchScreen.storyboard */; };
		530D90C82434D69A00BF6AAF /* I_Am_PoorTests.swift in Sources */ = {isa = PBXBuildFile; fileRef = 530D90C72434D69A00BF6AAF /* I_Am_PoorTests.swift */; };
		530D90D32434D69A00BF6AAF /* I_Am_PoorUITests.swift in Sources */ = {isa = PBXBuildFile; fileRef = 530D90D22434D69A00BF6AAF /* I_Am_PoorUITests.swift */; };
/* End PBXBuildFile section */

/* Begin PBXContainerItemProxy section */
		530D90C42434D69A00BF6AAF /* PBXContainerItemProxy */ = {
			isa = PBXContainerItemProxy;
			containerPortal = 530D90A52434D69700BF6AAF /* Project object */;
			proxyType = 1;
			remoteGlobalIDString = 530D90AC2434D69700BF6AAF;
			remoteInfo = "I Am Poor";
		};
		530D90CF2434D69A00BF6AAF /* PBXContainerItemProxy */ = {
			isa = PBXContainerItemProxy;
			containerPortal = 530D90A52434D69700BF6AAF /* Project object */;
			proxyType = 1;
			remoteGlobalIDString = 530D90AC2434D69700BF6AAF;
			remoteInfo = "I Am Poor";
		};
/* End PBXContainerItemProxy section */

/* Begin PBXFileReference section */
		530D90AD2434D69700BF6AAF /* I Am Poor.app */ = {isa = PBXFileReference; explicitFileType = wrapper.application; includeInIndex = 0; path = "I Am Poor.app"; sourceTree = BUILT_PRODUCTS_DIR; };
		530D90B02434D69700BF6AAF /* AppDelegate.swift */ = {isa = PBXFileReference; lastKnownFileType = sourcecode.swift; path = AppDelegate.swift; sourceTree = "<group>"; };
		530D90B22434D69700BF6AAF /* SceneDelegate.swift */ = {isa = PBXFileReference; lastKnownFileType = sourcecode.swift; path = SceneDelegate.swift; sourceTree = "<group>"; };
		530D90B42434D69700BF6AAF /* ViewController.swift */ = {isa = PBXFileReference; lastKnownFileType = sourcecode.swift; path = ViewController.swift; sourceTree = "<group>"; };
		530D90B72434D69700BF6AAF /* Base */ = {isa = PBXFileReference; lastKnownFileType = file.storyboard; name = Base; path = Base.lproj/Main.storyboard; sourceTree = "<group>"; };
		530D90B92434D69A00BF6AAF /* Assets.xcassets */ = {isa = PBXFileReference; lastKnownFileType = folder.assetcatalog; path = Assets.xcassets; sourceTree = "<group>"; };
		530D90BC2434D69A00BF6AAF /* Base */ = {isa = PBXFileReference; lastKnownFileType = file.storyboard; name = Base; path = Base.lproj/LaunchScreen.storyboard; sourceTree = "<group>"; };
		530D90BE2434D69A00BF6AAF /* Info.plist */ = {isa = PBXFileReference; lastKnownFileType = text.plist.xml; path = Info.plist; sourceTree = "<group>"; };
		530D90C32434D69A00BF6AAF /* I Am PoorTests.xctest */ = {isa = PBXFileReference; explicitFileType = wrapper.cfbundle; includeInIndex = 0; path = "I Am PoorTests.xctest"; sourceTree = BUILT_PRODUCTS_DIR; };
		530D90C72434D69A00BF6AAF /* I_Am_PoorTests.swift */ = {isa = PBXFileReference; lastKnownFileType = sourcecode.swift; path = I_Am_PoorTests.swift; sourceTree = "<group>"; };
		530D90C92434D69A00BF6AAF /* Info.plist */ = {isa = PBXFileReference; lastKnownFileType = text.plist.xml; path = Info.plist; sourceTree = "<group>"; };
		530D90CE2434D69A00BF6AAF /* I Am PoorUITests.xctest */ = {isa = PBXFileReference; explicitFileType = wrapper.cfbundle; includeInIndex = 0; path = "I Am PoorUITests.xctest"; sourceTree = BUILT_PRODUCTS_DIR; };
		530D90D22434D69A00BF6AAF /* I_Am_PoorUITests.swift */ = {isa = PBXFileReference; lastKnownFileType = sourcecode.swift; path = I_Am_PoorUITests.swift; sourceTree = "<group>"; };
		530D90D42434D69A00BF6AAF /* Info.plist */ = {isa = PBXFileReference; lastKnownFileType = text.plist.xml; path = Info.plist; sourceTree = "<group>"; };
/* End PBXFileReference section */

/* Begin PBXFrameworksBuildPhase section */
		530D90AA2434D69700BF6AAF /* Frameworks */ = {
			isa = PBXFrameworksBuildPhase;
			buildActionMask = 2147483647;
			files = (
			);
			runOnlyForDeploymentPostprocessing = 0;
		};
		530D90C02434D69A00BF6AAF /* Frameworks */ = {
			isa = PBXFrameworksBuildPhase;
			buildActionMask = 2147483647;
			files = (
			);
			runOnlyForDeploymentPostprocessing = 0;
		};
		530D90CB2434D69A00BF6AAF /* Frameworks */ = {
			isa = PBXFrameworksBuildPhase;
			buildActionMask = 2147483647;
			files = (
			);
			runOnlyForDeploymentPostprocessing = 0;
		};
/* End PBXFrameworksBuildPhase section */

/* Begin PBXGroup section */
		530D90A42434D69700BF6AAF = {
			isa = PBXGroup;
			children = (
				530D90AF2434D69700BF6AAF /* I Am Poor */,
				530D90C62434D69A00BF6AAF /* I Am PoorTests */,
				530D90D12434D69A00BF6AAF /* I Am PoorUITests */,
				530D90AE2434D69700BF6AAF /* Products */,
			);
			sourceTree = "<group>";
		};
		530D90AE2434D69700BF6AAF /* Products */ = {
			isa = PBXGroup;
			children = (
				530D90AD2434D69700BF6AAF /* I Am Poor.app */,
				530D90C32434D69A00BF6AAF /* I Am PoorTests.xctest */,
				530D90CE2434D69A00BF6AAF /* I Am PoorUITests.xctest */,
			);
			name = Products;
			sourceTree = "<group>";
		};
		530D90AF2434D69700BF6AAF /* I Am Poor */ = {
			isa = PBXGroup;
			children = (
				530D90B02434D69700BF6AAF /* AppDelegate.swift */,
				530D90B22434D69700BF6AAF /* SceneDelegate.swift */,
				530D90B42434D69700BF6AAF /* ViewController.swift */,
				530D90B62434D69700BF6AAF /* Main.storyboard */,
				530D90B92434D69A00BF6AAF /* Assets.xcassets */,
				530D90BB2434D69A00BF6AAF /* LaunchScreen.storyboard */,
				530D90BE2434D69A00BF6AAF /* Info.plist */,
			);
			path = "I Am Poor";
			sourceTree = "<group>";
		};
		530D90C62434D69A00BF6AAF /* I Am PoorTests */ = {
			isa = PBXGroup;
			children = (
				530D90C72434D69A00BF6AAF /* I_Am_PoorTests.swift */,
				530D90C92434D69A00BF6AAF /* Info.plist */,
			);
			path = "I Am PoorTests";
			sourceTree = "<group>";
		};
		530D90D12434D69A00BF6AAF /* I Am PoorUITests */ = {
			isa = PBXGroup;
			children = (
				530D90D22434D69A00BF6AAF /* I_Am_PoorUITests.swift */,
				530D90D42434D69A00BF6AAF /* Info.plist */,
			);
			path = "I Am PoorUITests";
			sourceTree = "<group>";
		};
/* End PBXGroup section */

/* Begin PBXNativeTarget section */
		530D90AC2434D69700BF6AAF /* I Am Poor */ = {
			isa = PBXNativeTarget;
			buildConfigurationList = 530D90D72434D69A00BF6AAF /* Build configuration list for PBXNativeTarget "I Am Poor" */;
			buildPhases = (
				530D90A92434D69700BF6AAF /* Sources */,
				530D90AA2434D69700BF6AAF /* Frameworks */,
				530D90AB2434D69700BF6AAF /* Resources */,
			);
			buildRules = (
			);
			dependencies = (
			);
			name = "I Am Poor";
			productName = "I Am Poor";
			productReference = 530D90AD2434D69700BF6AAF /* I Am Poor.app */;
			productType = "com.apple.product-type.application";
		};
		530D90C22434D69A00BF6AAF /* I Am PoorTests */ = {
			isa = PBXNativeTarget;
			buildConfigurationList = 530D90DA2434D69A00BF6AAF /* Build configuration list for PBXNativeTarget "I Am PoorTests" */;
			buildPhases = (
				530D90BF2434D69A00BF6AAF /* Sources */,
				530D90C02434D69A00BF6AAF /* Frameworks */,
				530D90C12434D69A00BF6AAF /* Resources */,
			);
			buildRules = (
			);
			dependencies = (
				530D90C52434D69A00BF6AAF /* PBXTargetDependency */,
			);
			name = "I Am PoorTests";
			productName = "I Am PoorTests";
			productReference = 530D90C32434D69A00BF6AAF /* I Am PoorTests.xctest */;
			productType = "com.apple.product-type.bundle.unit-test";
		};
		530D90CD2434D69A00BF6AAF /* I Am PoorUITests */ = {
			isa = PBXNativeTarget;
			buildConfigurationList = 530D90DD2434D69A00BF6AAF /* Build configuration list for PBXNativeTarget "I Am PoorUITests" */;
			buildPhases = (
				530D90CA2434D69A00BF6AAF /* Sources */,
				530D90CB2434D69A00BF6AAF /* Frameworks */,
				530D90CC2434D69A00BF6AAF /* Resources */,
			);
			buildRules = (
			);
			dependencies = (
				530D90D02434D69A00BF6AAF /* PBXTargetDependency */,
			);
			name = "I Am PoorUITests";
			productName = "I Am PoorUITests";
			productReference = 530D90CE2434D69A00BF6AAF /* I Am PoorUITests.xctest */;
			productType = "com.apple.product-type.bundle.ui-testing";
		};
/* End PBXNativeTarget section */

/* Begin PBXProject section */
		530D90A52434D69700BF6AAF /* Project object */ = {
			isa = PBXProject;
			attributes = {
				LastSwiftUpdateCheck = 1140;
				LastUpgradeCheck = 1140;
				ORGANIZATIONNAME = "Tony Lee";
				TargetAttributes = {
					530D90AC2434D69700BF6AAF = {
						CreatedOnToolsVersion = 11.4;
					};
					530D90C22434D69A00BF6AAF = {
						CreatedOnToolsVersion = 11.4;
						TestTargetID = 530D90AC2434D69700BF6AAF;
					};
					530D90CD2434D69A00BF6AAF = {
						CreatedOnToolsVersion = 11.4;
						TestTargetID = 530D90AC2434D69700BF6AAF;
					};
				};
			};
			buildConfigurationList = 530D90A82434D69700BF6AAF /* Build configuration list for PBXProject "I Am Poor" */;
			compatibilityVersion = "Xcode 9.3";
			developmentRegion = en;
			hasScannedForEncodings = 0;
			knownRegions = (
				en,
				Base,
			);
			mainGroup = 530D90A42434D69700BF6AAF;
			productRefGroup = 530D90AE2434D69700BF6AAF /* Products */;
			projectDirPath = "";
			projectRoot = "";
			targets = (
				530D90AC2434D69700BF6AAF /* I Am Poor */,
				530D90C22434D69A00BF6AAF /* I Am PoorTests */,
				530D90CD2434D69A00BF6AAF /* I Am PoorUITests */,
			);
		};
/* End PBXProject section */

/* Begin PBXResourcesBuildPhase section */
		530D90AB2434D69700BF6AAF /* Resources */ = {
			isa = PBXResourcesBuildPhase;
			buildActionMask = 2147483647;
			files = (
				530D90BD2434D69A00BF6AAF /* LaunchScreen.storyboard in Resources */,
				530D90BA2434D69A00BF6AAF /* Assets.xcassets in Resources */,
				530D90B82434D69700BF6AAF /* Main.storyboard in Resources */,
			);
			runOnlyForDeploymentPostprocessing = 0;
		};
		530D90C12434D69A00BF6AAF /* Resources */ = {
			isa = PBXResourcesBuildPhase;
			buildActionMask = 2147483647;
			files = (
			);
			runOnlyForDeploymentPostprocessing = 0;
		};
		530D90CC2434D69A00BF6AAF /* Resources */ = {
			isa = PBXResourcesBuildPhase;
			buildActionMask = 2147483647;
			files = (
			);
			runOnlyForDeploymentPostprocessing = 0;
		};
/* End PBXResourcesBuildPhase section */

/* Begin PBXSourcesBuildPhase section */
		530D90A92434D69700BF6AAF /* Sources */ = {
			isa = PBXSourcesBuildPhase;
			buildActionMask = 2147483647;
			files = (
				530D90B52434D69700BF6AAF /* ViewController.swift in Sources */,
				530D90B12434D69700BF6AAF /* AppDelegate.swift in Sources */,
				530D90B32434D69700BF6AAF /* SceneDelegate.swift in Sources */,
			);
			runOnlyForDeploymentPostprocessing = 0;
		};
		530D90BF2434D69A00BF6AAF /* Sources */ = {
			isa = PBXSourcesBuildPhase;
			buildActionMask = 2147483647;
			files = (
				530D90C82434D69A00BF6AAF /* I_Am_PoorTests.swift in Sources */,
			);
			runOnlyForDeploymentPostprocessing = 0;
		};
		530D90CA2434D69A00BF6AAF /* Sources */ = {
			isa = PBXSourcesBuildPhase;
			buildActionMask = 2147483647;
			files = (
				530D90D32434D69A00BF6AAF /* I_Am_PoorUITests.swift in Sources */,
			);
			runOnlyForDeploymentPostprocessing = 0;
		};
/* End PBXSourcesBuildPhase section */

/* Begin PBXTargetDependency section */
		530D90C52434D69A00BF6AAF /* PBXTargetDependency */ = {
			isa = PBXTargetDependency;
			target = 530D90AC2434D69700BF6AAF /* I Am Poor */;
			targetProxy = 530D90C42434D69A00BF6AAF /* PBXContainerItemProxy */;
		};
		530D90D02434D69A00BF6AAF /* PBXTargetDependency */ = {
			isa = PBXTargetDependency;
			target = 530D90AC2434D69700BF6AAF /* I Am Poor */;
			targetProxy = 530D90CF2434D69A00BF6AAF /* PBXContainerItemProxy */;
		};
/* End PBXTargetDependency section */

/* Begin PBXVariantGroup section */
		530D90B62434D69700BF6AAF /* Main.storyboard */ = {
			isa = PBXVariantGroup;
			children = (
				530D90B72434D69700BF6AAF /* Base */,
			);
			name = Main.storyboard;
			sourceTree = "<group>";
		};
		530D90BB2434D69A00BF6AAF /* LaunchScreen.storyboard */ = {
			isa = PBXVariantGroup;
			children = (
				530D90BC2434D69A00BF6AAF /* Base */,
			);
			name = LaunchScreen.storyboard;
			sourceTree = "<group>";
		};
/* End PBXVariantGroup section */

/* Begin XCBuildConfiguration section */
		530D90D52434D69A00BF6AAF /* Debug */ = {
			isa = XCBuildConfiguration;
			buildSettings = {
				ALWAYS_SEARCH_USER_PATHS = NO;
				CLANG_ANALYZER_NONNULL = YES;
				CLANG_ANALYZER_NUMBER_OBJECT_CONVERSION = YES_AGGRESSIVE;
				CLANG_CXX_LANGUAGE_STANDARD = "gnu++14";
				CLANG_CXX_LIBRARY = "libc++";
				CLANG_ENABLE_MODULES = YES;
				CLANG_ENABLE_OBJC_ARC = YES;
				CLANG_ENABLE_OBJC_WEAK = YES;
				CLANG_WARN_BLOCK_CAPTURE_AUTORELEASING = YES;
				CLANG_WARN_BOOL_CONVERSION = YES;
				CLANG_WARN_COMMA = YES;
				CLANG_WARN_CONSTANT_CONVERSION = YES;
				CLANG_WARN_DEPRECATED_OBJC_IMPLEMENTATIONS = YES;
				CLANG_WARN_DIRECT_OBJC_ISA_USAGE = YES_ERROR;
				CLANG_WARN_DOCUMENTATION_COMMENTS = YES;
				CLANG_WARN_EMPTY_BODY = YES;
				CLANG_WARN_ENUM_CONVERSION = YES;
				CLANG_WARN_INFINITE_RECURSION = YES;
				CLANG_WARN_INT_CONVERSION = YES;
				CLANG_WARN_NON_LITERAL_NULL_CONVERSION = YES;
				CLANG_WARN_OBJC_IMPLICIT_RETAIN_SELF = YES;
				CLANG_WARN_OBJC_LITERAL_CONVERSION = YES;
				CLANG_WARN_OBJC_ROOT_CLASS = YES_ERROR;
				CLANG_WARN_RANGE_LOOP_ANALYSIS = YES;
				CLANG_WARN_STRICT_PROTOTYPES = YES;
				CLANG_WARN_SUSPICIOUS_MOVE = YES;
				CLANG_WARN_UNGUARDED_AVAILABILITY = YES_AGGRESSIVE;
				CLANG_WARN_UNREACHABLE_CODE = YES;
				CLANG_WARN__DUPLICATE_METHOD_MATCH = YES;
				COPY_PHASE_STRIP = NO;
				DEBUG_INFORMATION_FORMAT = dwarf;
				ENABLE_STRICT_OBJC_MSGSEND = YES;
				ENABLE_TESTABILITY = YES;
				GCC_C_LANGUAGE_STANDARD = gnu11;
				GCC_DYNAMIC_NO_PIC = NO;
				GCC_NO_COMMON_BLOCKS = YES;
				GCC_OPTIMIZATION_LEVEL = 0;
				GCC_PREPROCESSOR_DEFINITIONS = (
					"DEBUG=1",
					"$(inherited)",
				);
				GCC_WARN_64_TO_32_BIT_CONVERSION = YES;
				GCC_WARN_ABOUT_RETURN_TYPE = YES_ERROR;
				GCC_WARN_UNDECLARED_SELECTOR = YES;
				GCC_WARN_UNINITIALIZED_AUTOS = YES_AGGRESSIVE;
				GCC_WARN_UNUSED_FUNCTION = YES;
				GCC_WARN_UNUSED_VARIABLE = YES;
				IPHONEOS_DEPLOYMENT_TARGET = 13.4;
				MTL_ENABLE_DEBUG_INFO = INCLUDE_SOURCE;
				MTL_FAST_MATH = YES;
				ONLY_ACTIVE_ARCH = YES;
				SDKROOT = iphoneos;
				SWIFT_ACTIVE_COMPILATION_CONDITIONS = DEBUG;
				SWIFT_OPTIMIZATION_LEVEL = "-Onone";
			};
			name = Debug;
		};
		530D90D62434D69A00BF6AAF /* Release */ = {
			isa = XCBuildConfiguration;
			buildSettings = {
				ALWAYS_SEARCH_USER_PATHS = NO;
				CLANG_ANALYZER_NONNULL = YES;
				CLANG_ANALYZER_NUMBER_OBJECT_CONVERSION = YES_AGGRESSIVE;
				CLANG_CXX_LANGUAGE_STANDARD = "gnu++14";
				CLANG_CXX_LIBRARY = "libc++";
				CLANG_ENABLE_MODULES = YES;
				CLANG_ENABLE_OBJC_ARC = YES;
				CLANG_ENABLE_OBJC_WEAK = YES;
				CLANG_WARN_BLOCK_CAPTURE_AUTORELEASING = YES;
				CLANG_WARN_BOOL_CONVERSION = YES;
				CLANG_WARN_COMMA = YES;
				CLANG_WARN_CONSTANT_CONVERSION = YES;
				CLANG_WARN_DEPRECATED_OBJC_IMPLEMENTATIONS = YES;
				CLANG_WARN_DIRECT_OBJC_ISA_USAGE = YES_ERROR;
				CLANG_WARN_DOCUMENTATION_COMMENTS = YES;
				CLANG_WARN_EMPTY_BODY = YES;
				CLANG_WARN_ENUM_CONVERSION = YES;
				CLANG_WARN_INFINITE_RECURSION = YES;
				CLANG_WARN_INT_CONVERSION = YES;
				CLANG_WARN_NON_LITERAL_NULL_CONVERSION = YES;
				CLANG_WARN_OBJC_IMPLICIT_RETAIN_SELF = YES;
				CLANG_WARN_OBJC_LITERAL_CONVERSION = YES;
				CLANG_WARN_OBJC_ROOT_CLASS = YES_ERROR;
				CLANG_WARN_RANGE_LOOP_ANALYSIS = YES;
				CLANG_WARN_STRICT_PROTOTYPES = YES;
				CLANG_WARN_SUSPICIOUS_MOVE = YES;
				CLANG_WARN_UNGUARDED_AVAILABILITY = YES_AGGRESSIVE;
				CLANG_WARN_UNREACHABLE_CODE = YES;
				CLANG_WARN__DUPLICATE_METHOD_MATCH = YES;
				COPY_PHASE_STRIP = NO;
				DEBUG_INFORMATION_FORMAT = "dwarf-with-dsym";
				ENABLE_NS_ASSERTIONS = NO;
				ENABLE_STRICT_OBJC_MSGSEND = YES;
				GCC_C_LANGUAGE_STANDARD = gnu11;
				GCC_NO_COMMON_BLOCKS = YES;
				GCC_WARN_64_TO_32_BIT_CONVERSION = YES;
				GCC_WARN_ABOUT_RETURN_TYPE = YES_ERROR;
				GCC_WARN_UNDECLARED_SELECTOR = YES;
				GCC_WARN_UNINITIALIZED_AUTOS = YES_AGGRESSIVE;
				GCC_WARN_UNUSED_FUNCTION = YES;
				GCC_WARN_UNUSED_VARIABLE = YES;
				IPHONEOS_DEPLOYMENT_TARGET = 13.4;
				MTL_ENABLE_DEBUG_INFO = NO;
				MTL_FAST_MATH = YES;
				SDKROOT = iphoneos;
				SWIFT_COMPILATION_MODE = wholemodule;
				SWIFT_OPTIMIZATION_LEVEL = "-O";
				VALIDATE_PRODUCT = YES;
			};
			name = Release;
		};
		530D90D82434D69A00BF6AAF /* Debug */ = {
			isa = XCBuildConfiguration;
			buildSettings = {
				ASSETCATALOG_COMPILER_APPICON_NAME = AppIcon;
				CODE_SIGN_STYLE = Automatic;
				DEVELOPMENT_TEAM = X72RAJNBZ7;
				INFOPLIST_FILE = "I Am Poor/Info.plist";
				LD_RUNPATH_SEARCH_PATHS = (
					"$(inherited)",
					"@executable_path/Frameworks",
				);
				PRODUCT_BUNDLE_IDENTIFIER = "net.lineable.I-Am-Poor";
				PRODUCT_NAME = "$(TARGET_NAME)";
				SWIFT_VERSION = 5.0;
				TARGETED_DEVICE_FAMILY = "1,2";
			};
			name = Debug;
		};
		530D90D92434D69A00BF6AAF /* Release */ = {
			isa = XCBuildConfiguration;
			buildSettings = {
				ASSETCATALOG_COMPILER_APPICON_NAME = AppIcon;
				CODE_SIGN_STYLE = Automatic;
				DEVELOPMENT_TEAM = X72RAJNBZ7;
				INFOPLIST_FILE = "I Am Poor/Info.plist";
				LD_RUNPATH_SEARCH_PATHS = (
					"$(inherited)",
					"@executable_path/Frameworks",
				);
				PRODUCT_BUNDLE_IDENTIFIER = "net.lineable.I-Am-Poor";
				PRODUCT_NAME = "$(TARGET_NAME)";
				SWIFT_VERSION = 5.0;
				TARGETED_DEVICE_FAMILY = "1,2";
			};
			name = Release;
		};
		530D90DB2434D69A00BF6AAF /* Debug */ = {
			isa = XCBuildConfiguration;
			buildSettings = {
				ALWAYS_EMBED_SWIFT_STANDARD_LIBRARIES = YES;
				BUNDLE_LOADER = "$(TEST_HOST)";
				CODE_SIGN_STYLE = Automatic;
				DEVELOPMENT_TEAM = X72RAJNBZ7;
				INFOPLIST_FILE = "I Am PoorTests/Info.plist";
				IPHONEOS_DEPLOYMENT_TARGET = 13.4;
				LD_RUNPATH_SEARCH_PATHS = (
					"$(inherited)",
					"@executable_path/Frameworks",
					"@loader_path/Frameworks",
				);
				PRODUCT_BUNDLE_IDENTIFIER = "net.lineable.I-Am-PoorTests";
				PRODUCT_NAME = "$(TARGET_NAME)";
				SWIFT_VERSION = 5.0;
				TARGETED_DEVICE_FAMILY = "1,2";
				TEST_HOST = "$(BUILT_PRODUCTS_DIR)/I Am Poor.app/I Am Poor";
			};
			name = Debug;
		};
		530D90DC2434D69A00BF6AAF /* Release */ = {
			isa = XCBuildConfiguration;
			buildSettings = {
				ALWAYS_EMBED_SWIFT_STANDARD_LIBRARIES = YES;
				BUNDLE_LOADER = "$(TEST_HOST)";
				CODE_SIGN_STYLE = Automatic;
				DEVELOPMENT_TEAM = X72RAJNBZ7;
				INFOPLIST_FILE = "I Am PoorTests/Info.plist";
				IPHONEOS_DEPLOYMENT_TARGET = 13.4;
				LD_RUNPATH_SEARCH_PATHS = (
					"$(inherited)",
					"@executable_path/Frameworks",
					"@loader_path/Frameworks",
				);
				PRODUCT_BUNDLE_IDENTIFIER = "net.lineable.I-Am-PoorTests";
				PRODUCT_NAME = "$(TARGET_NAME)";
				SWIFT_VERSION = 5.0;
				TARGETED_DEVICE_FAMILY = "1,2";
				TEST_HOST = "$(BUILT_PRODUCTS_DIR)/I Am Poor.app/I Am Poor";
			};
			name = Release;
		};
		530D90DE2434D69A00BF6AAF /* Debug */ = {
			isa = XCBuildConfiguration;
			buildSettings = {
				ALWAYS_EMBED_SWIFT_STANDARD_LIBRARIES = YES;
				CODE_SIGN_STYLE = Automatic;
				DEVELOPMENT_TEAM = X72RAJNBZ7;
				INFOPLIST_FILE = "I Am PoorUITests/Info.plist";
				LD_RUNPATH_SEARCH_PATHS = (
					"$(inherited)",
					"@executable_path/Frameworks",
					"@loader_path/Frameworks",
				);
				PRODUCT_BUNDLE_IDENTIFIER = "net.lineable.I-Am-PoorUITests";
				PRODUCT_NAME = "$(TARGET_NAME)";
				SWIFT_VERSION = 5.0;
				TARGETED_DEVICE_FAMILY = "1,2";
				TEST_TARGET_NAME = "I Am Poor";
			};
			name = Debug;
		};
		530D90DF2434D69A00BF6AAF /* Release */ = {
			isa = XCBuildConfiguration;
			buildSettings = {
				ALWAYS_EMBED_SWIFT_STANDARD_LIBRARIES = YES;
				CODE_SIGN_STYLE = Automatic;
				DEVELOPMENT_TEAM = X72RAJNBZ7;
				INFOPLIST_FILE = "I Am PoorUITests/Info.plist";
				LD_RUNPATH_SEARCH_PATHS = (
					"$(inherited)",
					"@executable_path/Frameworks",
					"@loader_path/Frameworks",
				);
				PRODUCT_BUNDLE_IDENTIFIER = "net.lineable.I-Am-PoorUITests";
				PRODUCT_NAME = "$(TARGET_NAME)";
				SWIFT_VERSION = 5.0;
				TARGETED_DEVICE_FAMILY = "1,2";
				TEST_TARGET_NAME = "I Am Poor";
			};
			name = Release;
		};
/* End XCBuildConfiguration section */

/* Begin XCConfigurationList section */
		530D90A82434D69700BF6AAF /* Build configuration list for PBXProject "I Am Poor" */ = {
			isa = XCConfigurationList;
			buildConfigurations = (
				530D90D52434D69A00BF6AAF /* Debug */,
				530D90D62434D69A00BF6AAF /* Release */,
			);
			defaultConfigurationIsVisible = 0;
			defaultConfigurationName = Release;
		};
		530D90D72434D69A00BF6AAF /* Build configuration list for PBXNativeTarget "I Am Poor" */ = {
			isa = XCConfigurationList;
			buildConfigurations = (
				530D90D82434D69A00BF6AAF /* Debug */,
				530D90D92434D69A00BF6AAF /* Release */,
			);
			defaultConfigurationIsVisible = 0;
			defaultConfigurationName = Release;
		};
		530D90DA2434D69A00BF6AAF /* Build configuration list for PBXNativeTarget "I Am PoorTests" */ = {
			isa = XCConfigurationList;
			buildConfigurations = (
				530D90DB2434D69A00BF6AAF /* Debug */,
				530D90DC2434D69A00BF6AAF /* Release */,
			);
			defaultConfigurationIsVisible = 0;
			defaultConfigurationName = Release;
		};
		530D90DD2434D69A00BF6AAF /* Build configuration list for PBXNativeTarget "I Am PoorUITests" */ = {
			isa = XCConfigurationList;
			buildConfigurations = (
				530D90DE2434D69A00BF6AAF /* Debug */,
				530D90DF2434D69A00BF6AAF /* Release */,
			);
			defaultConfigurationIsVisible = 0;
			defaultConfigurationName = Release;
		};
/* End XCConfigurationList section */
	};
	rootObject = 530D90A52434D69700BF6AAF /* Project object */;
}
